
Microsoft Visual Studio Solution File, Format Version 12.00
# Visual Studio Version 17
VisualStudioVersion = 17.12.35527.113
MinimumVisualStudioVersion = 10.0.40219.1
Project("{FAE04EC0-301F-11D3-BF4B-00C04F79EFBC}") = "SOCDataManager", "SOCFrontEnd\SOCFrontEnd.Server\SOCDataManager.csproj", "{DCAE1320-015B-4E0C-BED8-7C32A0379A17}"
EndProject
Project("{54A90642-561A-4BB1-A94E-469ADEE60C69}") = "SOCUI", "SOCFrontEnd\socfrontend.client\SOCUI.esproj", "{F84C0858-B009-4A7B-BA45-BC28B539364B}"
EndProject
Global
	GlobalSection(SolutionConfigurationPlatforms) = preSolution
		Debug|Any CPU = Debug|Any CPU
		Release|Any CPU = Release|Any CPU
	EndGlobalSection
	GlobalSection(ProjectConfigurationPlatforms) = postSolution
		{DCAE1320-015B-4E0C-BED8-7C32A0379A17}.Debug|Any CPU.ActiveCfg = Debug|Any CPU
		{DCAE1320-015B-4E0C-BED8-7C32A0379A17}.Debug|Any CPU.Build.0 = Debug|Any CPU
		{DCAE1320-015B-4E0C-BED8-7C32A0379A17}.Release|Any CPU.ActiveCfg = Release|Any CPU
		{DCAE1320-015B-4E0C-BED8-7C32A0379A17}.Release|Any CPU.Build.0 = Release|Any CPU
		{F84C0858-B009-4A7B-BA45-BC28B539364B}.Debug|Any CPU.ActiveCfg = Debug|Any CPU
		{F84C0858-B009-4A7B-BA45-BC28B539364B}.Debug|Any CPU.Build.0 = Debug|Any CPU
		{F84C0858-B009-4A7B-BA45-BC28B539364B}.Debug|Any CPU.Deploy.0 = Debug|Any CPU
		{F84C0858-B009-4A7B-BA45-BC28B539364B}.Release|Any CPU.ActiveCfg = Release|Any CPU
		{F84C0858-B009-4A7B-BA45-BC28B539364B}.Release|Any CPU.Build.0 = Release|Any CPU
		{F84C0858-B009-4A7B-BA45-BC28B539364B}.Release|Any CPU.Deploy.0 = Release|Any CPU
	EndGlobalSection
	GlobalSection(SolutionProperties) = preSolution
		HideSolutionNode = FALSE
	EndGlobalSection
EndGlobal
